
Microsoft Visual Studio Solution File, Format Version 12.00
# Visual Studio Version 17
VisualStudioVersion = 17.2.32602.215
MinimumVisualStudioVersion = 10.0.40219.1
Project("{FAE04EC0-301F-11D3-BF4B-00C04F79EFBC}") = "BlazorUISyncManager", "BlazorUISyncManager\BlazorUISyncManager.csproj", "{54C0633E-ECA4-45FA-9093-7C5442CF4049}"
EndProject
Global
	GlobalSection(SolutionConfigurationPlatforms) = preSolution
		Debug|Any CPU = Debug|Any CPU
		Release|Any CPU = Release|Any CPU
	EndGlobalSection
	GlobalSection(ProjectConfigurationPlatforms) = postSolution
		{54C0633E-ECA4-45FA-9093-7C5442CF4049}.Debug|Any CPU.ActiveCfg = Debug|Any CPU
		{54C0633E-ECA4-45FA-9093-7C5442CF4049}.Debug|Any CPU.Build.0 = Debug|Any CPU
		{54C0633E-ECA4-45FA-9093-7C5442CF4049}.Release|Any CPU.ActiveCfg = Release|Any CPU
		{54C0633E-ECA4-45FA-9093-7C5442CF4049}.Release|Any CPU.Build.0 = Release|Any CPU
	EndGlobalSection
	GlobalSection(SolutionProperties) = preSolution
		HideSolutionNode = FALSE
	EndGlobalSection
	GlobalSection(ExtensibilityGlobals) = postSolution
		SolutionGuid = {B9AB800A-D248-45F8-A10A-D0DE22844489}
	EndGlobalSection
EndGlobal
